
Microsoft Visual Studio Solution File, Format Version 12.00
# Visual Studio Version 16
VisualStudioVersion = 25.0.1700.4
MinimumVisualStudioVersion = 10.0.40219.1
Project("{FAE04EC0-301F-11D3-BF4B-00C04F79EFBC}") = "Shapes", "Shapes\Shapes.csproj", "{80AD8C6D-20D3-4D50-960C-22D27211142B}"
EndProject
Global
	GlobalSection(SolutionConfigurationPlatforms) = preSolution
		Debug|Any CPU = Debug|Any CPU
		Release|Any CPU = Release|Any CPU
	EndGlobalSection
	GlobalSection(ProjectConfigurationPlatforms) = postSolution
		{80AD8C6D-20D3-4D50-960C-22D27211142B}.Debug|Any CPU.ActiveCfg = Debug|Any CPU
		{80AD8C6D-20D3-4D50-960C-22D27211142B}.Debug|Any CPU.Build.0 = Debug|Any CPU
		{80AD8C6D-20D3-4D50-960C-22D27211142B}.Release|Any CPU.ActiveCfg = Release|Any CPU
		{80AD8C6D-20D3-4D50-960C-22D27211142B}.Release|Any CPU.Build.0 = Release|Any CPU
	EndGlobalSection
	GlobalSection(SolutionProperties) = preSolution
		HideSolutionNode = FALSE
	EndGlobalSection
	GlobalSection(ExtensibilityGlobals) = postSolution
		SolutionGuid = {EF23CB26-A381-400A-8433-43C6866285CF}
	EndGlobalSection
EndGlobal
